
Microsoft Visual Studio Solution File, Format Version 12.00
# Visual Studio Version 17
VisualStudioVersion = 17.12.35506.116 d17.12
MinimumVisualStudioVersion = 10.0.40219.1
Project("{42EA0DBD-9CF1-443E-919E-BE9C484E4577}") = "ContosoOutdoors", "ContosoOutdoors\ContosoOutdoors.sqlproj", "{3C03A774-1EDF-46B8-B8B5-9E24AC51E5E7}"
EndProject
Global
	GlobalSection(SolutionConfigurationPlatforms) = preSolution
		Debug|Any CPU = Debug|Any CPU
		Release|Any CPU = Release|Any CPU
	EndGlobalSection
	GlobalSection(ProjectConfigurationPlatforms) = postSolution
		{3C03A774-1EDF-46B8-B8B5-9E24AC51E5E7}.Debug|Any CPU.ActiveCfg = Debug|Any CPU
		{3C03A774-1EDF-46B8-B8B5-9E24AC51E5E7}.Debug|Any CPU.Build.0 = Debug|Any CPU
		{3C03A774-1EDF-46B8-B8B5-9E24AC51E5E7}.Release|Any CPU.ActiveCfg = Release|Any CPU
		{3C03A774-1EDF-46B8-B8B5-9E24AC51E5E7}.Release|Any CPU.Build.0 = Release|Any CPU
	EndGlobalSection
	GlobalSection(SolutionProperties) = preSolution
		HideSolutionNode = FALSE
	EndGlobalSection
EndGlobal
